
Microsoft Visual Studio Solution File, Format Version 12.00
# Visual Studio Version 17
VisualStudioVersion = 17.6.33815.320
MinimumVisualStudioVersion = 10.0.40219.1
Project("{FAE04EC0-301F-11D3-BF4B-00C04F79EFBC}") = "MusicApp", "MusicApp\MusicApp.csproj", "{F86405EC-92D7-4CD7-B9D8-5243B57F950B}"
EndProject
Global
	GlobalSection(SolutionConfigurationPlatforms) = preSolution
		Debug|Any CPU = Debug|Any CPU
		Release|Any CPU = Release|Any CPU
	EndGlobalSection
	GlobalSection(ProjectConfigurationPlatforms) = postSolution
		{F86405EC-92D7-4CD7-B9D8-5243B57F950B}.Debug|Any CPU.ActiveCfg = Debug|Any CPU
		{F86405EC-92D7-4CD7-B9D8-5243B57F950B}.Debug|Any CPU.Build.0 = Debug|Any CPU
		{F86405EC-92D7-4CD7-B9D8-5243B57F950B}.Release|Any CPU.ActiveCfg = Release|Any CPU
		{F86405EC-92D7-4CD7-B9D8-5243B57F950B}.Release|Any CPU.Build.0 = Release|Any CPU
	EndGlobalSection
	GlobalSection(SolutionProperties) = preSolution
		HideSolutionNode = FALSE
	EndGlobalSection
	GlobalSection(ExtensibilityGlobals) = postSolution
		SolutionGuid = {19188CF5-1222-4CDF-BEE6-036F491B6FA6}
	EndGlobalSection
EndGlobal
